
Microsoft Visual Studio Solution File, Format Version 12.00
# Visual Studio Version 17
VisualStudioVersion = 17.7.34202.233
MinimumVisualStudioVersion = 10.0.40219.1
Project("{FAE04EC0-301F-11D3-BF4B-00C04F79EFBC}") = "Lab3", "Lab3.csproj", "{3E478C69-7164-4015-9092-E0AFA635B5F8}"
EndProject
Global
	GlobalSection(SolutionConfigurationPlatforms) = preSolution
		Debug|Any CPU = Debug|Any CPU
		Release|Any CPU = Release|Any CPU
	EndGlobalSection
	GlobalSection(ProjectConfigurationPlatforms) = postSolution
		{3E478C69-7164-4015-9092-E0AFA635B5F8}.Debug|Any CPU.ActiveCfg = Debug|Any CPU
		{3E478C69-7164-4015-9092-E0AFA635B5F8}.Debug|Any CPU.Build.0 = Debug|Any CPU
		{3E478C69-7164-4015-9092-E0AFA635B5F8}.Release|Any CPU.ActiveCfg = Release|Any CPU
		{3E478C69-7164-4015-9092-E0AFA635B5F8}.Release|Any CPU.Build.0 = Release|Any CPU
	EndGlobalSection
	GlobalSection(SolutionProperties) = preSolution
		HideSolutionNode = FALSE
	EndGlobalSection
	GlobalSection(ExtensibilityGlobals) = postSolution
		SolutionGuid = {DFCEC6E8-0888-45B7-9821-BB142D05CF22}
	EndGlobalSection
EndGlobal
